# This file was autogenerated by Stack.
# You should not edit this file by hand.
# For more information, please see the documentation at:
#   https://docs.haskellstack.org/en/stable/lock_files

packages:
- completed:
    hackage: servant-multipart-0.12.1@sha256:1855cd45d6db96b294de3159802fdfec04332547e6c501b91508acc6821a967c,2028
    pantry-tree:
      sha256: c4ec954a6ae4e37d9e86579f818aea93549c0709b6a2167f0ffa122a907b96d2
      size: 332
  original:
    hackage: servant-multipart-0.12.1
- completed:
    hackage: quickcheck-arbitrary-adt-0.3.1.0@sha256:b7a47dae6d373d1a5f6c3deb58b6bd669917326d82b50a145374ac9b385dbdb7,1419
    pantry-tree:
      sha256: 3dbb180ee125a4c25e7a5383651eafa3d69b3eae27cbfccc7ebab926c95bdd04
      size: 381
  original:
    hackage: quickcheck-arbitrary-adt-0.3.1.0
- completed:
    hackage: esqueleto-3.5.8.1@sha256:eaae6df05ee00931a2a00122938ad65d1630036582628c2ea5c1e1763bf96cae,4965
    pantry-tree:
      sha256: 3db00c061ec9e28d1bd744c184bdc6d65ade1922c245f22ae568a6a08400c809
      size: 2491
  original:
    hackage: esqueleto-3.5.8.1
- completed:
    hackage: persistent-2.14.3.0@sha256:e796c1ba156fe07729e50e174039806ea53690577ac460488e929857f4216757,7337
    pantry-tree:
      sha256: 803e9a91ece89ea66f649c82c6a647214be874d91a138c1f00f6e8aa7cf0d30f
      size: 6601
  original:
    hackage: persistent-2.14.3.0
- completed:
    hackage: mtl-2.2.2@sha256:1050fb71acd9f5d67da7d992583f5bd0eb14407b9dc7acc122af1b738b706ca3,2261
    pantry-tree:
      sha256: b8bdc2259e2f943a7252fb164805666fe108ac959d398e0af27b43ba2ebc241c
      size: 1713
  original:
    hackage: mtl-2.2.2
- completed:
    hackage: persistent-template-2.12.0.0@sha256:7c68de6624ff83e14b674745e1c895dcf7c8676f6f24be131c89e2e4c2fa4510,1008
    pantry-tree:
      sha256: 6d31d8a3bde912d0c8b28d9d18caa77a5a7add42104d8bb109f7cd298f21a78f
      size: 267
  original:
    hackage: persistent-template-2.12.0.0
- completed:
    hackage: persistent-mongoDB-2.13.0.1@sha256:e52fb8b747253b21fd46e4652dafd622790ebe67b7dabbed07f8cd2fd4db3c99,2838
    pantry-tree:
      sha256: 57fd4725b00245afba0b946d5ecb8a08b9da533e5b50d3c653c8b9a3eb431b27
      size: 593
  original:
    hackage: persistent-mongoDB-2.13.0.1
- completed:
    hackage: katip-0.8.7.2@sha256:3a92da2f6d20b443e8934a7a60d80d922649ae44968c60cf3e8e2073fbffdf53,4181
    pantry-tree:
      sha256: 16391fb389c550f8da2d9e3d86ea2336c72c175282daefa97b0b0d65208975b4
      size: 1140
  original:
    hackage: katip-0.8.7.2
- completed:
    hackage: say-0.1.0.1@sha256:f20554ed3bcc198965a934385fbd98f9fd9754705f06eb2ee2b13a9b2c530632,1822
    pantry-tree:
      sha256: c95a735c9ebda5cf21bd355275954de9dd7a37540d2ebf67c6cdad60b27287fa
      size: 464
  original:
    hackage: say-0.1.0.1
- completed:
    hackage: monad-logger-0.3.37@sha256:3fd45f486391e72c53d6661de9454f01b53c42a6ddb10d78634a46b210e0f3b7,1765
    pantry-tree:
      sha256: 63d596e8f1986e870247c0ff855977968d4ec1fd62edd9a2bf0f2022f72139bf
      size: 396
  original:
    hackage: monad-logger-0.3.37
- completed:
    hackage: safe-exceptions-0.1.7.3@sha256:6e9b1b233af80cc0aa17ea858d2641ba146fb11cbcc5970a52649e89d77282e2,1398
    pantry-tree:
      sha256: 41e57c663a86bd61931f3b9d221c2eca508b394bace069e096c32823e77286a3
      size: 510
  original:
    hackage: safe-exceptions-0.1.7.3
- completed:
    hackage: wai-extra-3.1.12.1@sha256:6ee24772ec025f43f09e8bcc663d1577aacd87476abf652fed4962ec4cc3318d,8005
    pantry-tree:
      sha256: 398637db42a5a5d291a7cbd7090ab16aabaec8c3e0f6f58738a805472201597c
      size: 4403
  original:
    hackage: wai-extra-3.1.12.1
- completed:
    hackage: fast-logger-3.1.1@sha256:9ffbb0d475edf6c3ed13cae0b24202a22a1a29848d9810785849f1f2332b6ee1,2398
    pantry-tree:
      sha256: a3e9413b93e9a6ed6f786ba03866a7c9a3f04c0cd2a575d8b443338fdd55a0d6
      size: 1148
  original:
    hackage: fast-logger-3.1.1
- completed:
    hackage: safe-0.3.19@sha256:0910dafb8898f52bde4c646e560228a0fd08b1fca5457f222d2f5c0fad6d2039,2317
    pantry-tree:
      sha256: 40010636c24cebf3f3e29e9b3b8e6c35f249f5e5d253925433140bb0b4e3f891
      size: 564
  original:
    hackage: safe-0.3.19
- completed:
    hackage: wai-middleware-metrics-0.2.4@sha256:d6b6916acd41aaef4ca59a839d40a3a377f9df784ae49fd4c64926ae916b6ba2,2890
    pantry-tree:
      sha256: 99366b831109417cd8e739fb45e9fd214cb79f28a507f8154e5528120042d0ac
      size: 330
  original:
    hackage: wai-middleware-metrics-0.2.4
- completed:
    hackage: resource-pool-0.3.1.0@sha256:dbaadfcc3c1be5391336e2016b28bb2d0c534f245ba9f5af5ed1d5125afc8c1a,1280
    pantry-tree:
      sha256: e2fc51ec2b5a126caab04688b40ec64fd6f7e3d9251e947a87c5ce3a6bc447bc
      size: 406
  original:
    hackage: resource-pool-0.3.1.0
- completed:
    hackage: microlens-0.4.13.0@sha256:40794f266977558e1138ac034701fa3ff66518bc4ca6a1fba5c575d4157cf0ba,4573
    pantry-tree:
      sha256: 7e3c2e67a573a4ba4bd8ebff631b7a6e0e2d81fb785b9e9fcd6bd02f18743ac3
      size: 461
  original:
    hackage: microlens-0.4.13.0
- completed:
    hackage: servant-auth-server-0.4.7.0@sha256:36c588dd30918fc3f986ef21bf98d114ea886432500c73c4c4129788afa88fe1,5420
    pantry-tree:
      sha256: 4cbb709460efade6d384cb661e983146b865856ceede57f32854f97bbd82abe7
      size: 1376
  original:
    hackage: servant-auth-server-0.4.7.0
- completed:
    hackage: servant-auth-0.4.1.0@sha256:0a1c9457e655cdbde944ddd26047efaa2c562e112b33d49b0fd099e222c2ea61,2201
    pantry-tree:
      sha256: 3653dbc1c601a3967af3ad565bafe781db2c43d1065fee33214c90827739e860
      size: 332
  original:
    hackage: servant-auth-0.4.1.0
- completed:
    hackage: servant-docs-0.12@sha256:dfaad3ede79636cb57877658a63a4df805eaa22a9c7784568ad2ed372a8a34af,3383
    pantry-tree:
      sha256: a019012e14962a9a378138fd5b4a267ed9635c6ef422ad8629aaad20c7640a15
      size: 702
  original:
    hackage: servant-docs-0.12
- completed:
    hackage: servant-foreign-0.15.4@sha256:dfb1325b7a0d919c5e4afad0769c80ed7fb5987484e586789200a059d21652e2,2873
    pantry-tree:
      sha256: 47f14fe4a66b1eda0068a55aca891ff37c62e67ca5ab585ce20ef4654f498581
      size: 590
  original:
    hackage: servant-foreign-0.15.4
- completed:
    hackage: servant-server-0.19.1@sha256:affc4bb6c8a34093da91cb55ed2a3cd641a2d126d43644fcf9f4e4e4f2fc589a,5709
    pantry-tree:
      sha256: 04d886894682f8d75e114c99c3459180058ae79d9c24712c8e1497f213523064
      size: 2614
  original:
    hackage: servant-server-0.19.1
- completed:
    hackage: servant-0.19.1@sha256:89fdf0363e55d3ea3025e8755fd88c0d6cd5ec820d802827813ed1d19edc061c,5375
    pantry-tree:
      sha256: d81ef180e64e83e039f4602c1928d309f470c5da196add0b1fc650f0237ce724
      size: 2802
  original:
    hackage: servant-0.19.1
- completed:
    hackage: servant-client-0.18.3@sha256:570145df5209b245a141eec6841fbca6785cd88e073e85eecbeff4438ca34784,4602
    pantry-tree:
      sha256: 4f3a9dd501ea02289559f8c49df88fb00a2f34ac225c2d9ae1df5970bf8ce4db
      size: 1300
  original:
    hackage: servant-client-0.18.3
- completed:
    hackage: servant-client-core-0.19@sha256:00b1c6b73dcf72d8e6772bad74df5cd4211d62ac7c659a895786bba9cc5218e2,3788
    pantry-tree:
      sha256: 24b64219dbfca274e485c42e55e19e77a79e5ea4ebed22ddb0be9ffd8fc7294c
      size: 1446
  original:
    hackage: servant-client-core-0.19
- completed:
    hackage: cryptonite-0.30@sha256:12c85dea7be63e5ad90bcb487eb3846bf3c413347f94336fa1dede7b28f9936a,18301
    pantry-tree:
      sha256: df1cbe4cc40d569cc75ffed40bc5deac43cb085653980b42b9b6a5d4b745a30a
      size: 23323
  original:
    hackage: cryptonite-0.30
- completed:
    hackage: password-3.0.2.0@sha256:66c77d072f01178d0302424647f26b21d4c28f85aca50b3d4754c6dc79e974d2,3972
    pantry-tree:
      sha256: 5eedfa680d87faa795393fef6ba4da877231e2c44e094516b826a106cf5e4cdf
      size: 1225
  original:
    hackage: password-3.0.2.0
- completed:
    hackage: password-types-1.0.0.0@sha256:f91e6e7922f02a064dd8c9cb8c35eef2574823d4296f6055c3252dfd5395cd44,2070
    pantry-tree:
      sha256: d7392c63d5a75ace4a07ac12ac3e33aa8b69f6b41ef2433aec6e8047647603c2
      size: 447
  original:
    hackage: password-types-1.0.0.0
- completed:
    hackage: password-instances-3.0.0.0@sha256:ee05ae23f490f302b6b84f6acfc09b67c4f67886f2410a87f8a0e599255d85cd,2133
    pantry-tree:
      sha256: 37840df02630e97aa7deaa4df1b41bf2547cd63348d9eb0d0c27b0722eb27a17
      size: 457
  original:
    hackage: password-instances-3.0.0.0
- completed:
    hackage: http-api-data-0.5@sha256:f304551bbdbf3d7ca842fd9e12516a673bf0ea41bfabd6c3c68c0054295098bd,3522
    pantry-tree:
      sha256: aa8ccc631a7b10c1f582384a894ca538114a226a6ad1646c40f60785d93fed75
      size: 887
  original:
    hackage: http-api-data-0.5
snapshots:
- completed:
    sha256: 4905c93319aa94aa53da8f41d614d7bacdbfe6c63a8c6132d32e6e62f24a9af4
    size: 649315
    url: https://raw.githubusercontent.com/commercialhaskell/stackage-snapshots/master/lts/20/6.yaml
  original: lts-20.6
